
Microsoft Visual Studio Solution File, Format Version 12.00
# Blend for Visual Studio Version 16
VisualStudioVersion = 16.0.31515.178
MinimumVisualStudioVersion = 10.0.40219.1
Project("{FAE04EC0-301F-11D3-BF4B-00C04F79EFBC}") = "TestTask1", "TestTask1\TestTask1.csproj", "{968CDA18-0492-493B-9D8A-797B08ED7C7F}"
EndProject
Global
	GlobalSection(SolutionConfigurationPlatforms) = preSolution
		Debug|Any CPU = Debug|Any CPU
		Release|Any CPU = Release|Any CPU
	EndGlobalSection
	GlobalSection(ProjectConfigurationPlatforms) = postSolution
		{968CDA18-0492-493B-9D8A-797B08ED7C7F}.Debug|Any CPU.ActiveCfg = Debug|Any CPU
		{968CDA18-0492-493B-9D8A-797B08ED7C7F}.Debug|Any CPU.Build.0 = Debug|Any CPU
		{968CDA18-0492-493B-9D8A-797B08ED7C7F}.Release|Any CPU.ActiveCfg = Release|Any CPU
		{968CDA18-0492-493B-9D8A-797B08ED7C7F}.Release|Any CPU.Build.0 = Release|Any CPU
	EndGlobalSection
	GlobalSection(SolutionProperties) = preSolution
		HideSolutionNode = FALSE
	EndGlobalSection
	GlobalSection(ExtensibilityGlobals) = postSolution
		SolutionGuid = {54328780-C956-4BFA-94F9-CAB9310B13CA}
	EndGlobalSection
EndGlobal
